// !$*UTF8*$!
{
	archiveVersion = 1;
	classes = {
	};
	objectVersion = 46;
	objects = {

/* Begin PBXBuildFile section */
		B3B9D8DA1E0A657F0006375B /* main.m in Sources */ = {isa = PBXBuildFile; fileRef = B3B9D8D91E0A657F0006375B /* main.m */; };
		B3B9D8DD1E0A657F0006375B /* AppDelegate.m in Sources */ = {isa = PBXBuildFile; fileRef = B3B9D8DC1E0A657F0006375B /* AppDelegate.m */; };
		B3B9D8E01E0A657F0006375B /* ViewController.m in Sources */ = {isa = PBXBuildFile; fileRef = B3B9D8DF1E0A657F0006375B /* ViewController.m */; };
		B3B9D8E31E0A657F0006375B /* Main.storyboard in Resources */ = {isa = PBXBuildFile; fileRef = B3B9D8E11E0A657F0006375B /* Main.storyboard */; };
		B3B9D8E51E0A657F0006375B /* Assets.xcassets in Resources */ = {isa = PBXBuildFile; fileRef = B3B9D8E41E0A657F0006375B /* Assets.xcassets */; };
		B3B9D8E81E0A657F0006375B /* LaunchScreen.storyboard in Resources */ = {isa = PBXBuildFile; fileRef = B3B9D8E61E0A657F0006375B /* LaunchScreen.storyboard */; };
		B3B9D8F31E0A657F0006375B /* RRRSegmentDemoTests.m in Sources */ = {isa = PBXBuildFile; fileRef = B3B9D8F21E0A657F0006375B /* RRRSegmentDemoTests.m */; };
		B3B9D8FE1E0A657F0006375B /* RRRSegmentDemoUITests.m in Sources */ = {isa = PBXBuildFile; fileRef = B3B9D8FD1E0A657F0006375B /* RRRSegmentDemoUITests.m */; };
		B3B9D90E1E0A65AC0006375B /* RRRSegment.m in Sources */ = {isa = PBXBuildFile; fileRef = B3B9D90D1E0A65AC0006375B /* RRRSegment.m */; };
/* End PBXBuildFile section */

/* Begin PBXContainerItemProxy section */
		B3B9D8EF1E0A657F0006375B /* PBXContainerItemProxy */ = {
			isa = PBXContainerItemProxy;
			containerPortal = B3B9D8CD1E0A657F0006375B /* Project object */;
			proxyType = 1;
			remoteGlobalIDString = B3B9D8D41E0A657F0006375B;
			remoteInfo = RRRSegmentDemo;
		};
		B3B9D8FA1E0A657F0006375B /* PBXContainerItemProxy */ = {
			isa = PBXContainerItemProxy;
			containerPortal = B3B9D8CD1E0A657F0006375B /* Project object */;
			proxyType = 1;
			remoteGlobalIDString = B3B9D8D41E0A657F0006375B;
			remoteInfo = RRRSegmentDemo;
		};
/* End PBXContainerItemProxy section */

/* Begin PBXFileReference section */
		B3B9D8D51E0A657F0006375B /* RRRSegmentDemo.app */ = {isa = PBXFileReference; explicitFileType = wrapper.application; includeInIndex = 0; path = RRRSegmentDemo.app; sourceTree = BUILT_PRODUCTS_DIR; };
		B3B9D8D91E0A657F0006375B /* main.m */ = {isa = PBXFileReference; lastKnownFileType = sourcecode.c.objc; path = main.m; sourceTree = "<group>"; };
		B3B9D8DB1E0A657F0006375B /* AppDelegate.h */ = {isa = PBXFileReference; lastKnownFileType = sourcecode.c.h; path = AppDelegate.h; sourceTree = "<group>"; };
		B3B9D8DC1E0A657F0006375B /* AppDelegate.m */ = {isa = PBXFileReference; lastKnownFileType = sourcecode.c.objc; path = AppDelegate.m; sourceTree = "<group>"; };
		B3B9D8DE1E0A657F0006375B /* ViewController.h */ = {isa = PBXFileReference; lastKnownFileType = sourcecode.c.h; path = ViewController.h; sourceTree = "<group>"; };
		B3B9D8DF1E0A657F0006375B /* ViewController.m */ = {isa = PBXFileReference; lastKnownFileType = sourcecode.c.objc; path = ViewController.m; sourceTree = "<group>"; };
		B3B9D8E21E0A657F0006375B /* Base */ = {isa = PBXFileReference; lastKnownFileType = file.storyboard; name = Base; path = Base.lproj/Main.storyboard; sourceTree = "<group>"; };
		B3B9D8E41E0A657F0006375B /* Assets.xcassets */ = {isa = PBXFileReference; lastKnownFileType = folder.assetcatalog; path = Assets.xcassets; sourceTree = "<group>"; };
		B3B9D8E71E0A657F0006375B /* Base */ = {isa = PBXFileReference; lastKnownFileType = file.storyboard; name = Base; path = Base.lproj/LaunchScreen.storyboard; sourceTree = "<group>"; };
		B3B9D8E91E0A657F0006375B /* Info.plist */ = {isa = PBXFileReference; lastKnownFileType = text.plist.xml; path = Info.plist; sourceTree = "<group>"; };
		B3B9D8EE1E0A657F0006375B /* RRRSegmentDemoTests.xctest */ = {isa = PBXFileReference; explicitFileType = wrapper.cfbundle; includeInIndex = 0; path = RRRSegmentDemoTests.xctest; sourceTree = BUILT_PRODUCTS_DIR; };
		B3B9D8F21E0A657F0006375B /* RRRSegmentDemoTests.m */ = {isa = PBXFileReference; lastKnownFileType = sourcecode.c.objc; path = RRRSegmentDemoTests.m; sourceTree = "<group>"; };
		B3B9D8F41E0A657F0006375B /* Info.plist */ = {isa = PBXFileReference; lastKnownFileType = text.plist.xml; path = Info.plist; sourceTree = "<group>"; };
		B3B9D8F91E0A657F0006375B /* RRRSegmentDemoUITests.xctest */ = {isa = PBXFileReference; explicitFileType = wrapper.cfbundle; includeInIndex = 0; path = RRRSegmentDemoUITests.xctest; sourceTree = BUILT_PRODUCTS_DIR; };
		B3B9D8FD1E0A657F0006375B /* RRRSegmentDemoUITests.m */ = {isa = PBXFileReference; lastKnownFileType = sourcecode.c.objc; path = RRRSegmentDemoUITests.m; sourceTree = "<group>"; };
		B3B9D8FF1E0A657F0006375B /* Info.plist */ = {isa = PBXFileReference; lastKnownFileType = text.plist.xml; path = Info.plist; sourceTree = "<group>"; };
		B3B9D90C1E0A65AC0006375B /* RRRSegment.h */ = {isa = PBXFileReference; fileEncoding = 4; lastKnownFileType = sourcecode.c.h; path = RRRSegment.h; sourceTree = "<group>"; };
		B3B9D90D1E0A65AC0006375B /* RRRSegment.m */ = {isa = PBXFileReference; fileEncoding = 4; lastKnownFileType = sourcecode.c.objc; path = RRRSegment.m; sourceTree = "<group>"; };
/* End PBXFileReference section */

/* Begin PBXFrameworksBuildPhase section */
		B3B9D8D21E0A657F0006375B /* Frameworks */ = {
			isa = PBXFrameworksBuildPhase;
			buildActionMask = 2147483647;
			files = (
			);
			runOnlyForDeploymentPostprocessing = 0;
		};
		B3B9D8EB1E0A657F0006375B /* Frameworks */ = {
			isa = PBXFrameworksBuildPhase;
			buildActionMask = 2147483647;
			files = (
			);
			runOnlyForDeploymentPostprocessing = 0;
		};
		B3B9D8F61E0A657F0006375B /* Frameworks */ = {
			isa = PBXFrameworksBuildPhase;
			buildActionMask = 2147483647;
			files = (
			);
			runOnlyForDeploymentPostprocessing = 0;
		};
/* End PBXFrameworksBuildPhase section */

/* Begin PBXGroup section */
		B3B9D8CC1E0A657F0006375B = {
			isa = PBXGroup;
			children = (
				B3B9D8D71E0A657F0006375B /* RRRSegmentDemo */,
				B3B9D8F11E0A657F0006375B /* RRRSegmentDemoTests */,
				B3B9D8FC1E0A657F0006375B /* RRRSegmentDemoUITests */,
				B3B9D8D61E0A657F0006375B /* Products */,
			);
			sourceTree = "<group>";
		};
		B3B9D8D61E0A657F0006375B /* Products */ = {
			isa = PBXGroup;
			children = (
				B3B9D8D51E0A657F0006375B /* RRRSegmentDemo.app */,
				B3B9D8EE1E0A657F0006375B /* RRRSegmentDemoTests.xctest */,
				B3B9D8F91E0A657F0006375B /* RRRSegmentDemoUITests.xctest */,
			);
			name = Products;
			sourceTree = "<group>";
		};
		B3B9D8D71E0A657F0006375B /* RRRSegmentDemo */ = {
			isa = PBXGroup;
			children = (
				B3B9D90B1E0A65AC0006375B /* RRRSegment */,
				B3B9D8DB1E0A657F0006375B /* AppDelegate.h */,
				B3B9D8DC1E0A657F0006375B /* AppDelegate.m */,
				B3B9D8DE1E0A657F0006375B /* ViewController.h */,
				B3B9D8DF1E0A657F0006375B /* ViewController.m */,
				B3B9D8E11E0A657F0006375B /* Main.storyboard */,
				B3B9D8E41E0A657F0006375B /* Assets.xcassets */,
				B3B9D8E61E0A657F0006375B /* LaunchScreen.storyboard */,
				B3B9D8E91E0A657F0006375B /* Info.plist */,
				B3B9D8D81E0A657F0006375B /* Supporting Files */,
			);
			path = RRRSegmentDemo;
			sourceTree = "<group>";
		};
		B3B9D8D81E0A657F0006375B /* Supporting Files */ = {
			isa = PBXGroup;
			children = (
				B3B9D8D91E0A657F0006375B /* main.m */,
			);
			name = "Supporting Files";
			sourceTree = "<group>";
		};
		B3B9D8F11E0A657F0006375B /* RRRSegmentDemoTests */ = {
			isa = PBXGroup;
			children = (
				B3B9D8F21E0A657F0006375B /* RRRSegmentDemoTests.m */,
				B3B9D8F41E0A657F0006375B /* Info.plist */,
			);
			path = RRRSegmentDemoTests;
			sourceTree = "<group>";
		};
		B3B9D8FC1E0A657F0006375B /* RRRSegmentDemoUITests */ = {
			isa = PBXGroup;
			children = (
				B3B9D8FD1E0A657F0006375B /* RRRSegmentDemoUITests.m */,
				B3B9D8FF1E0A657F0006375B /* Info.plist */,
			);
			path = RRRSegmentDemoUITests;
			sourceTree = "<group>";
		};
		B3B9D90B1E0A65AC0006375B /* RRRSegment */ = {
			isa = PBXGroup;
			children = (
				B3B9D90C1E0A65AC0006375B /* RRRSegment.h */,
				B3B9D90D1E0A65AC0006375B /* RRRSegment.m */,
			);
			path = RRRSegment;
			sourceTree = "<group>";
		};
/* End PBXGroup section */

/* Begin PBXNativeTarget section */
		B3B9D8D41E0A657F0006375B /* RRRSegmentDemo */ = {
			isa = PBXNativeTarget;
			buildConfigurationList = B3B9D9021E0A657F0006375B /* Build configuration list for PBXNativeTarget "RRRSegmentDemo" */;
			buildPhases = (
				B3B9D8D11E0A657F0006375B /* Sources */,
				B3B9D8D21E0A657F0006375B /* Frameworks */,
				B3B9D8D31E0A657F0006375B /* Resources */,
			);
			buildRules = (
			);
			dependencies = (
			);
			name = RRRSegmentDemo;
			productName = RRRSegmentDemo;
			productReference = B3B9D8D51E0A657F0006375B /* RRRSegmentDemo.app */;
			productType = "com.apple.product-type.application";
		};
		B3B9D8ED1E0A657F0006375B /* RRRSegmentDemoTests */ = {
			isa = PBXNativeTarget;
			buildConfigurationList = B3B9D9051E0A657F0006375B /* Build configuration list for PBXNativeTarget "RRRSegmentDemoTests" */;
			buildPhases = (
				B3B9D8EA1E0A657F0006375B /* Sources */,
				B3B9D8EB1E0A657F0006375B /* Frameworks */,
				B3B9D8EC1E0A657F0006375B /* Resources */,
			);
			buildRules = (
			);
			dependencies = (
				B3B9D8F01E0A657F0006375B /* PBXTargetDependency */,
			);
			name = RRRSegmentDemoTests;
			productName = RRRSegmentDemoTests;
			productReference = B3B9D8EE1E0A657F0006375B /* RRRSegmentDemoTests.xctest */;
			productType = "com.apple.product-type.bundle.unit-test";
		};
		B3B9D8F81E0A657F0006375B /* RRRSegmentDemoUITests */ = {
			isa = PBXNativeTarget;
			buildConfigurationList = B3B9D9081E0A657F0006375B /* Build configuration list for PBXNativeTarget "RRRSegmentDemoUITests" */;
			buildPhases = (
				B3B9D8F51E0A657F0006375B /* Sources */,
				B3B9D8F61E0A657F0006375B /* Frameworks */,
				B3B9D8F71E0A657F0006375B /* Resources */,
			);
			buildRules = (
			);
			dependencies = (
				B3B9D8FB1E0A657F0006375B /* PBXTargetDependency */,
			);
			name = RRRSegmentDemoUITests;
			productName = RRRSegmentDemoUITests;
			productReference = B3B9D8F91E0A657F0006375B /* RRRSegmentDemoUITests.xctest */;
			productType = "com.apple.product-type.bundle.ui-testing";
		};
/* End PBXNativeTarget section */

/* Begin PBXProject section */
		B3B9D8CD1E0A657F0006375B /* Project object */ = {
			isa = PBXProject;
			attributes = {
				LastUpgradeCheck = 0820;
				ORGANIZATIONNAME = "张瑞想";
				TargetAttributes = {
					B3B9D8D41E0A657F0006375B = {
						CreatedOnToolsVersion = 8.2;
						DevelopmentTeam = 27659RPABJ;
						ProvisioningStyle = Automatic;
					};
					B3B9D8ED1E0A657F0006375B = {
						CreatedOnToolsVersion = 8.2;
						DevelopmentTeam = 27659RPABJ;
						ProvisioningStyle = Automatic;
						TestTargetID = B3B9D8D41E0A657F0006375B;
					};
					B3B9D8F81E0A657F0006375B = {
						CreatedOnToolsVersion = 8.2;
						DevelopmentTeam = 27659RPABJ;
						ProvisioningStyle = Automatic;
						TestTargetID = B3B9D8D41E0A657F0006375B;
					};
				};
			};
			buildConfigurationList = B3B9D8D01E0A657F0006375B /* Build configuration list for PBXProject "RRRSegmentDemo" */;
			compatibilityVersion = "Xcode 3.2";
			developmentRegion = English;
			hasScannedForEncodings = 0;
			knownRegions = (
				en,
				Base,
			);
			mainGroup = B3B9D8CC1E0A657F0006375B;
			productRefGroup = B3B9D8D61E0A657F0006375B /* Products */;
			projectDirPath = "";
			projectRoot = "";
			targets = (
				B3B9D8D41E0A657F0006375B /* RRRSegmentDemo */,
				B3B9D8ED1E0A657F0006375B /* RRRSegmentDemoTests */,
				B3B9D8F81E0A657F0006375B /* RRRSegmentDemoUITests */,
			);
		};
/* End PBXProject section */

/* Begin PBXResourcesBuildPhase section */
		B3B9D8D31E0A657F0006375B /* Resources */ = {
			isa = PBXResourcesBuildPhase;
			buildActionMask = 2147483647;
			files = (
				B3B9D8E81E0A657F0006375B /* LaunchScreen.storyboard in Resources */,
				B3B9D8E51E0A657F0006375B /* Assets.xcassets in Resources */,
				B3B9D8E31E0A657F0006375B /* Main.storyboard in Resources */,
			);
			runOnlyForDeploymentPostprocessing = 0;
		};
		B3B9D8EC1E0A657F0006375B /* Resources */ = {
			isa = PBXResourcesBuildPhase;
			buildActionMask = 2147483647;
			files = (
			);
			runOnlyForDeploymentPostprocessing = 0;
		};
		B3B9D8F71E0A657F0006375B /* Resources */ = {
			isa = PBXResourcesBuildPhase;
			buildActionMask = 2147483647;
			files = (
			);
			runOnlyForDeploymentPostprocessing = 0;
		};
/* End PBXResourcesBuildPhase section */

/* Begin PBXSourcesBuildPhase section */
		B3B9D8D11E0A657F0006375B /* Sources */ = {
			isa = PBXSourcesBuildPhase;
			buildActionMask = 2147483647;
			files = (
				B3B9D90E1E0A65AC0006375B /* RRRSegment.m in Sources */,
				B3B9D8E01E0A657F0006375B /* ViewController.m in Sources */,
				B3B9D8DD1E0A657F0006375B /* AppDelegate.m in Sources */,
				B3B9D8DA1E0A657F0006375B /* main.m in Sources */,
			);
			runOnlyForDeploymentPostprocessing = 0;
		};
		B3B9D8EA1E0A657F0006375B /* Sources */ = {
			isa = PBXSourcesBuildPhase;
			buildActionMask = 2147483647;
			files = (
				B3B9D8F31E0A657F0006375B /* RRRSegmentDemoTests.m in Sources */,
			);
			runOnlyForDeploymentPostprocessing = 0;
		};
		B3B9D8F51E0A657F0006375B /* Sources */ = {
			isa = PBXSourcesBuildPhase;
			buildActionMask = 2147483647;
			files = (
				B3B9D8FE1E0A657F0006375B /* RRRSegmentDemoUITests.m in Sources */,
			);
			runOnlyForDeploymentPostprocessing = 0;
		};
/* End PBXSourcesBuildPhase section */

/* Begin PBXTargetDependency section */
		B3B9D8F01E0A657F0006375B /* PBXTargetDependency */ = {
			isa = PBXTargetDependency;
			target = B3B9D8D41E0A657F0006375B /* RRRSegmentDemo */;
			targetProxy = B3B9D8EF1E0A657F0006375B /* PBXContainerItemProxy */;
		};
		B3B9D8FB1E0A657F0006375B /* PBXTargetDependency */ = {
			isa = PBXTargetDependency;
			target = B3B9D8D41E0A657F0006375B /* RRRSegmentDemo */;
			targetProxy = B3B9D8FA1E0A657F0006375B /* PBXContainerItemProxy */;
		};
/* End PBXTargetDependency section */

/* Begin PBXVariantGroup section */
		B3B9D8E11E0A657F0006375B /* Main.storyboard */ = {
			isa = PBXVariantGroup;
			children = (
				B3B9D8E21E0A657F0006375B /* Base */,
			);
			name = Main.storyboard;
			sourceTree = "<group>";
		};
		B3B9D8E61E0A657F0006375B /* LaunchScreen.storyboard */ = {
			isa = PBXVariantGroup;
			children = (
				B3B9D8E71E0A657F0006375B /* Base */,
			);
			name = LaunchScreen.storyboard;
			sourceTree = "<group>";
		};
/* End PBXVariantGroup section */

/* Begin XCBuildConfiguration section */
		B3B9D9001E0A657F0006375B /* Debug */ = {
			isa = XCBuildConfiguration;
			buildSettings = {
				ALWAYS_SEARCH_USER_PATHS = NO;
				CLANG_ANALYZER_NONNULL = YES;
				CLANG_CXX_LANGUAGE_STANDARD = "gnu++0x";
				CLANG_CXX_LIBRARY = "libc++";
				CLANG_ENABLE_MODULES = YES;
				CLANG_ENABLE_OBJC_ARC = YES;
				CLANG_WARN_BOOL_CONVERSION = YES;
				CLANG_WARN_CONSTANT_CONVERSION = YES;
				CLANG_WARN_DIRECT_OBJC_ISA_USAGE = YES_ERROR;
				CLANG_WARN_DOCUMENTATION_COMMENTS = YES;
				CLANG_WARN_EMPTY_BODY = YES;
				CLANG_WARN_ENUM_CONVERSION = YES;
				CLANG_WARN_INFINITE_RECURSION = YES;
				CLANG_WARN_INT_CONVERSION = YES;
				CLANG_WARN_OBJC_ROOT_CLASS = YES_ERROR;
				CLANG_WARN_SUSPICIOUS_MOVE = YES;
				CLANG_WARN_UNREACHABLE_CODE = YES;
				CLANG_WARN__DUPLICATE_METHOD_MATCH = YES;
				"CODE_SIGN_IDENTITY[sdk=iphoneos*]" = "iPhone Developer";
				COPY_PHASE_STRIP = NO;
				DEBUG_INFORMATION_FORMAT = dwarf;
				ENABLE_STRICT_OBJC_MSGSEND = YES;
				ENABLE_TESTABILITY = YES;
				GCC_C_LANGUAGE_STANDARD = gnu99;
				GCC_DYNAMIC_NO_PIC = NO;
				GCC_NO_COMMON_BLOCKS = YES;
				GCC_OPTIMIZATION_LEVEL = 0;
				GCC_PREPROCESSOR_DEFINITIONS = (
					"DEBUG=1",
					"$(inherited)",
				);
				GCC_WARN_64_TO_32_BIT_CONVERSION = YES;
				GCC_WARN_ABOUT_RETURN_TYPE = YES_ERROR;
				GCC_WARN_UNDECLARED_SELECTOR = YES;
				GCC_WARN_UNINITIALIZED_AUTOS = YES_AGGRESSIVE;
				GCC_WARN_UNUSED_FUNCTION = YES;
				GCC_WARN_UNUSED_VARIABLE = YES;
				IPHONEOS_DEPLOYMENT_TARGET = 10.2;
				MTL_ENABLE_DEBUG_INFO = YES;
				ONLY_ACTIVE_ARCH = YES;
				SDKROOT = iphoneos;
			};
			name = Debug;
		};
		B3B9D9011E0A657F0006375B /* Release */ = {
			isa = XCBuildConfiguration;
			buildSettings = {
				ALWAYS_SEARCH_USER_PATHS = NO;
				CLANG_ANALYZER_NONNULL = YES;
				CLANG_CXX_LANGUAGE_STANDARD = "gnu++0x";
				CLANG_CXX_LIBRARY = "libc++";
				CLANG_ENABLE_MODULES = YES;
				CLANG_ENABLE_OBJC_ARC = YES;
				CLANG_WARN_BOOL_CONVERSION = YES;
				CLANG_WARN_CONSTANT_CONVERSION = YES;
				CLANG_WARN_DIRECT_OBJC_ISA_USAGE = YES_ERROR;
				CLANG_WARN_DOCUMENTATION_COMMENTS = YES;
				CLANG_WARN_EMPTY_BODY = YES;
				CLANG_WARN_ENUM_CONVERSION = YES;
				CLANG_WARN_INFINITE_RECURSION = YES;
				CLANG_WARN_INT_CONVERSION = YES;
				CLANG_WARN_OBJC_ROOT_CLASS = YES_ERROR;
				CLANG_WARN_SUSPICIOUS_MOVE = YES;
				CLANG_WARN_UNREACHABLE_CODE = YES;
				CLANG_WARN__DUPLICATE_METHOD_MATCH = YES;
				"CODE_SIGN_IDENTITY[sdk=iphoneos*]" = "iPhone Developer";
				COPY_PHASE_STRIP = NO;
				DEBUG_INFORMATION_FORMAT = "dwarf-with-dsym";
				ENABLE_NS_ASSERTIONS = NO;
				ENABLE_STRICT_OBJC_MSGSEND = YES;
				GCC_C_LANGUAGE_STANDARD = gnu99;
				GCC_NO_COMMON_BLOCKS = YES;
				GCC_WARN_64_TO_32_BIT_CONVERSION = YES;
				GCC_WARN_ABOUT_RETURN_TYPE = YES_ERROR;
				GCC_WARN_UNDECLARED_SELECTOR = YES;
				GCC_WARN_UNINITIALIZED_AUTOS = YES_AGGRESSIVE;
				GCC_WARN_UNUSED_FUNCTION = YES;
				GCC_WARN_UNUSED_VARIABLE = YES;
				IPHONEOS_DEPLOYMENT_TARGET = 10.2;
				MTL_ENABLE_DEBUG_INFO = NO;
				SDKROOT = iphoneos;
				VALIDATE_PRODUCT = YES;
			};
			name = Release;
		};
		B3B9D9031E0A657F0006375B /* Debug */ = {
			isa = XCBuildConfiguration;
			buildSettings = {
				ASSETCATALOG_COMPILER_APPICON_NAME = AppIcon;
				DEVELOPMENT_TEAM = 27659RPABJ;
				INFOPLIST_FILE = RRRSegmentDemo/Info.plist;
				LD_RUNPATH_SEARCH_PATHS = "$(inherited) @executable_path/Frameworks";
				PRODUCT_BUNDLE_IDENTIFIER = com.zhangruixiang.AppName.RRRSegmentDemo;
				PRODUCT_NAME = "$(TARGET_NAME)";
			};
			name = Debug;
		};
		B3B9D9041E0A657F0006375B /* Release */ = {
			isa = XCBuildConfiguration;
			buildSettings = {
				ASSETCATALOG_COMPILER_APPICON_NAME = AppIcon;
				DEVELOPMENT_TEAM = 27659RPABJ;
				INFOPLIST_FILE = RRRSegmentDemo/Info.plist;
				LD_RUNPATH_SEARCH_PATHS = "$(inherited) @executable_path/Frameworks";
				PRODUCT_BUNDLE_IDENTIFIER = com.zhangruixiang.AppName.RRRSegmentDemo;
				PRODUCT_NAME = "$(TARGET_NAME)";
			};
			name = Release;
		};
		B3B9D9061E0A657F0006375B /* Debug */ = {
			isa = XCBuildConfiguration;
			buildSettings = {
				BUNDLE_LOADER = "$(TEST_HOST)";
				DEVELOPMENT_TEAM = 27659RPABJ;
				INFOPLIST_FILE = RRRSegmentDemoTests/Info.plist;
				LD_RUNPATH_SEARCH_PATHS = "$(inherited) @executable_path/Frameworks @loader_path/Frameworks";
				PRODUCT_BUNDLE_IDENTIFIER = com.zhangruixiang.AppName.RRRSegmentDemoTests;
				PRODUCT_NAME = "$(TARGET_NAME)";
				TEST_HOST = "$(BUILT_PRODUCTS_DIR)/RRRSegmentDemo.app/RRRSegmentDemo";
			};
			name = Debug;
		};
		B3B9D9071E0A657F0006375B /* Release */ = {
			isa = XCBuildConfiguration;
			buildSettings = {
				BUNDLE_LOADER = "$(TEST_HOST)";
				DEVELOPMENT_TEAM = 27659RPABJ;
				INFOPLIST_FILE = RRRSegmentDemoTests/Info.plist;
				LD_RUNPATH_SEARCH_PATHS = "$(inherited) @executable_path/Frameworks @loader_path/Frameworks";
				PRODUCT_BUNDLE_IDENTIFIER = com.zhangruixiang.AppName.RRRSegmentDemoTests;
				PRODUCT_NAME = "$(TARGET_NAME)";
				TEST_HOST = "$(BUILT_PRODUCTS_DIR)/RRRSegmentDemo.app/RRRSegmentDemo";
			};
			name = Release;
		};
		B3B9D9091E0A657F0006375B /* Debug */ = {
			isa = XCBuildConfiguration;
			buildSettings = {
				DEVELOPMENT_TEAM = 27659RPABJ;
				INFOPLIST_FILE = RRRSegmentDemoUITests/Info.plist;
				LD_RUNPATH_SEARCH_PATHS = "$(inherited) @executable_path/Frameworks @loader_path/Frameworks";
				PRODUCT_BUNDLE_IDENTIFIER = com.zhangruixiang.AppName.RRRSegmentDemoUITests;
				PRODUCT_NAME = "$(TARGET_NAME)";
				TEST_TARGET_NAME = RRRSegmentDemo;
			};
			name = Debug;
		};
		B3B9D90A1E0A657F0006375B /* Release */ = {
			isa = XCBuildConfiguration;
			buildSettings = {
				DEVELOPMENT_TEAM = 27659RPABJ;
				INFOPLIST_FILE = RRRSegmentDemoUITests/Info.plist;
				LD_RUNPATH_SEARCH_PATHS = "$(inherited) @executable_path/Frameworks @loader_path/Frameworks";
				PRODUCT_BUNDLE_IDENTIFIER = com.zhangruixiang.AppName.RRRSegmentDemoUITests;
				PRODUCT_NAME = "$(TARGET_NAME)";
				TEST_TARGET_NAME = RRRSegmentDemo;
			};
			name = Release;
		};
/* End XCBuildConfiguration section */

/* Begin XCConfigurationList section */
		B3B9D8D01E0A657F0006375B /* Build configuration list for PBXProject "RRRSegmentDemo" */ = {
			isa = XCConfigurationList;
			buildConfigurations = (
				B3B9D9001E0A657F0006375B /* Debug */,
				B3B9D9011E0A657F0006375B /* Release */,
			);
			defaultConfigurationIsVisible = 0;
			defaultConfigurationName = Release;
		};
		B3B9D9021E0A657F0006375B /* Build configuration list for PBXNativeTarget "RRRSegmentDemo" */ = {
			isa = XCConfigurationList;
			buildConfigurations = (
				B3B9D9031E0A657F0006375B /* Debug */,
				B3B9D9041E0A657F0006375B /* Release */,
			);
			defaultConfigurationIsVisible = 0;
			defaultConfigurationName = Release;
		};
		B3B9D9051E0A657F0006375B /* Build configuration list for PBXNativeTarget "RRRSegmentDemoTests" */ = {
			isa = XCConfigurationList;
			buildConfigurations = (
				B3B9D9061E0A657F0006375B /* Debug */,
				B3B9D9071E0A657F0006375B /* Release */,
			);
			defaultConfigurationIsVisible = 0;
			defaultConfigurationName = Release;
		};
		B3B9D9081E0A657F0006375B /* Build configuration list for PBXNativeTarget "RRRSegmentDemoUITests" */ = {
			isa = XCConfigurationList;
			buildConfigurations = (
				B3B9D9091E0A657F0006375B /* Debug */,
				B3B9D90A1E0A657F0006375B /* Release */,
			);
			defaultConfigurationIsVisible = 0;
			defaultConfigurationName = Release;
		};
/* End XCConfigurationList section */
	};
	rootObject = B3B9D8CD1E0A657F0006375B /* Project object */;
}
